
Microsoft Visual Studio Solution File, Format Version 12.00
# Visual Studio Version 16
VisualStudioVersion = 16.0.29519.87
MinimumVisualStudioVersion = 10.0.40219.1
Project("{FAE04EC0-301F-11D3-BF4B-00C04F79EFBC}") = "LineFormatter", "LineFormatter\LineFormatter.csproj", "{6EA2A175-5169-4355-8E12-0DA2C8E60775}"
EndProject
Project("{FAE04EC0-301F-11D3-BF4B-00C04F79EFBC}") = "UnitTest", "UnitTest\UnitTest.csproj", "{FD29965A-EEF4-436E-9837-EF8002049602}"
EndProject
Global
	GlobalSection(SolutionConfigurationPlatforms) = preSolution
		Debug|Any CPU = Debug|Any CPU
		Release|Any CPU = Release|Any CPU
	EndGlobalSection
	GlobalSection(ProjectConfigurationPlatforms) = postSolution
		{6EA2A175-5169-4355-8E12-0DA2C8E60775}.Debug|Any CPU.ActiveCfg = Debug|Any CPU
		{6EA2A175-5169-4355-8E12-0DA2C8E60775}.Debug|Any CPU.Build.0 = Debug|Any CPU
		{6EA2A175-5169-4355-8E12-0DA2C8E60775}.Release|Any CPU.ActiveCfg = Release|Any CPU
		{6EA2A175-5169-4355-8E12-0DA2C8E60775}.Release|Any CPU.Build.0 = Release|Any CPU
		{FD29965A-EEF4-436E-9837-EF8002049602}.Debug|Any CPU.ActiveCfg = Debug|Any CPU
		{FD29965A-EEF4-436E-9837-EF8002049602}.Debug|Any CPU.Build.0 = Debug|Any CPU
		{FD29965A-EEF4-436E-9837-EF8002049602}.Release|Any CPU.ActiveCfg = Release|Any CPU
		{FD29965A-EEF4-436E-9837-EF8002049602}.Release|Any CPU.Build.0 = Release|Any CPU
	EndGlobalSection
	GlobalSection(SolutionProperties) = preSolution
		HideSolutionNode = FALSE
	EndGlobalSection
	GlobalSection(ExtensibilityGlobals) = postSolution
		SolutionGuid = {A7B1E0CC-E2BF-45E2-A4D5-FD63B28EB9F9}
	EndGlobalSection
EndGlobal
